<Solution>
  <Project Path="Skyscreen.App/Skyscreen.App.csproj" />
  <Project Path="Skyscreen.Core.Tests/Skyscreen.Core.Tests.csproj" Id="408472c7-f4d5-444e-afc1-9fbaebac37a2" />
  <Project Path="Skyscreen.Core/Skyscreen.Core.csproj" />
  <Project Path="Skyscreen.Profiles/Skyscreen.Profiles.csproj" />
  <Project Path="Skyscreen.Server/Skyscreen.Server.csproj" />
</Solution>
